// !$*UTF8*$!
{
	archiveVersion = 1;
	classes = {
	};
	objectVersion = 56;
	objects = {

/* Begin PBXBuildFile section */
		482E48512ADEFA0100A3F7D2 /* Array+SafeAccess.swift in Sources */ = {isa = PBXBuildFile; fileRef = 482E48382ADEFA0100A3F7D2 /* Array+SafeAccess.swift */; };
		482E48522ADEFA0100A3F7D2 /* String+Numbers.swift in Sources */ = {isa = PBXBuildFile; fileRef = 482E48392ADEFA0100A3F7D2 /* String+Numbers.swift */; };
		482E48532ADEFA0100A3F7D2 /* String+Prefix.swift in Sources */ = {isa = PBXBuildFile; fileRef = 482E483A2ADEFA0100A3F7D2 /* String+Prefix.swift */; };
		482E48542ADEFA0100A3F7D2 /* CalculatorAPI.swift in Sources */ = {isa = PBXBuildFile; fileRef = 482E483C2ADEFA0100A3F7D2 /* CalculatorAPI.swift */; };
		482E48552ADEFA0100A3F7D2 /* Calculator.swift in Sources */ = {isa = PBXBuildFile; fileRef = 482E483E2ADEFA0100A3F7D2 /* Calculator.swift */; };
		482E48562ADEFA0100A3F7D2 /* Equation.swift in Sources */ = {isa = PBXBuildFile; fileRef = 482E483F2ADEFA0100A3F7D2 /* Equation.swift */; };
		482E48572ADEFA0100A3F7D2 /* EquationBuilder.swift in Sources */ = {isa = PBXBuildFile; fileRef = 482E48402ADEFA0100A3F7D2 /* EquationBuilder.swift */; };
		482E48582ADEFA0100A3F7D2 /* CalculatorTheme.swift in Sources */ = {isa = PBXBuildFile; fileRef = 482E48422ADEFA0100A3F7D2 /* CalculatorTheme.swift */; };
		482E48592ADEFA0100A3F7D2 /* ThemeLoader.swift in Sources */ = {isa = PBXBuildFile; fileRef = 482E48432ADEFA0100A3F7D2 /* ThemeLoader.swift */; };
		482E485A2ADEFA0100A3F7D2 /* ThemeManager.swift in Sources */ = {isa = PBXBuildFile; fileRef = 482E48442ADEFA0100A3F7D2 /* ThemeManager.swift */; };
		482E485B2ADEFA0100A3F7D2 /* PurpleTheme.swift in Sources */ = {isa = PBXBuildFile; fileRef = 482E48462ADEFA0100A3F7D2 /* PurpleTheme.swift */; };
		482E485C2ADEFA0100A3F7D2 /* WashedOutTheme.swift in Sources */ = {isa = PBXBuildFile; fileRef = 482E48472ADEFA0100A3F7D2 /* WashedOutTheme.swift */; };
		482E485D2ADEFA0100A3F7D2 /* AppBrandTheme.swift in Sources */ = {isa = PBXBuildFile; fileRef = 482E48482ADEFA0100A3F7D2 /* AppBrandTheme.swift */; };
		482E485E2ADEFA0100A3F7D2 /* bloodOrangeTheme.swift in Sources */ = {isa = PBXBuildFile; fileRef = 482E48492ADEFA0100A3F7D2 /* bloodOrangeTheme.swift */; };
		482E485F2ADEFA0100A3F7D2 /* DarkBlueTheme.swift in Sources */ = {isa = PBXBuildFile; fileRef = 482E484A2ADEFA0100A3F7D2 /* DarkBlueTheme.swift */; };
		482E48602ADEFA0100A3F7D2 /* ElectroTheme.swift in Sources */ = {isa = PBXBuildFile; fileRef = 482E484B2ADEFA0100A3F7D2 /* ElectroTheme.swift */; };
		482E48612ADEFA0100A3F7D2 /* PinkTheme.swift in Sources */ = {isa = PBXBuildFile; fileRef = 482E484C2ADEFA0100A3F7D2 /* PinkTheme.swift */; };
		482E48622ADEFA0100A3F7D2 /* LightBlueTheme.swift in Sources */ = {isa = PBXBuildFile; fileRef = 482E484D2ADEFA0100A3F7D2 /* LightBlueTheme.swift */; };
		482E48632ADEFA0100A3F7D2 /* OrangeTheme.swift in Sources */ = {isa = PBXBuildFile; fileRef = 482E484E2ADEFA0100A3F7D2 /* OrangeTheme.swift */; };
		482E48642ADEFA0100A3F7D2 /* DataStoreManager.swift in Sources */ = {isa = PBXBuildFile; fileRef = 482E48502ADEFA0100A3F7D2 /* DataStoreManager.swift */; };
		482E48672ADEFA8F00A3F7D2 /* Constants.swift in Sources */ = {isa = PBXBuildFile; fileRef = 482E48662ADEFA8F00A3F7D2 /* Constants.swift */; };
		48EB968E2A377987003BA4BA /* Calc123.swift in Sources */ = {isa = PBXBuildFile; fileRef = 48EB968D2A377987003BA4BA /* Calc123.swift */; };
		48EB96902A377987003BA4BA /* ContentView.swift in Sources */ = {isa = PBXBuildFile; fileRef = 48EB968F2A377987003BA4BA /* ContentView.swift */; };
		48EB96922A377988003BA4BA /* Assets.xcassets in Resources */ = {isa = PBXBuildFile; fileRef = 48EB96912A377988003BA4BA /* Assets.xcassets */; };
		48EB96952A377988003BA4BA /* Preview Assets.xcassets in Resources */ = {isa = PBXBuildFile; fileRef = 48EB96942A377988003BA4BA /* Preview Assets.xcassets */; };
		48EB96C72A377B95003BA4BA /* DivideTests.swift in Sources */ = {isa = PBXBuildFile; fileRef = 48EB96B82A377B95003BA4BA /* DivideTests.swift */; };
		48EB96C82A377B95003BA4BA /* SubtractionTests.swift in Sources */ = {isa = PBXBuildFile; fileRef = 48EB96B92A377B95003BA4BA /* SubtractionTests.swift */; };
		48EB96C92A377B95003BA4BA /* EqualsButtonTests.swift in Sources */ = {isa = PBXBuildFile; fileRef = 48EB96BA2A377B95003BA4BA /* EqualsButtonTests.swift */; };
		48EB96CA2A377B95003BA4BA /* AdditionTests.swift in Sources */ = {isa = PBXBuildFile; fileRef = 48EB96BB2A377B95003BA4BA /* AdditionTests.swift */; };
		48EB96CB2A377B95003BA4BA /* MultiplyTests.swift in Sources */ = {isa = PBXBuildFile; fileRef = 48EB96BC2A377B95003BA4BA /* MultiplyTests.swift */; };
		48EB96CC2A377B95003BA4BA /* DisplayTests.swift in Sources */ = {isa = PBXBuildFile; fileRef = 48EB96BE2A377B95003BA4BA /* DisplayTests.swift */; };
		48EB96CD2A377B95003BA4BA /* ZeroTests.swift in Sources */ = {isa = PBXBuildFile; fileRef = 48EB96C02A377B95003BA4BA /* ZeroTests.swift */; };
		48EB96CE2A377B95003BA4BA /* PinPadTests.swift in Sources */ = {isa = PBXBuildFile; fileRef = 48EB96C12A377B95003BA4BA /* PinPadTests.swift */; };
		48EB96CF2A377B95003BA4BA /* DecimalTests.swift in Sources */ = {isa = PBXBuildFile; fileRef = 48EB96C22A377B95003BA4BA /* DecimalTests.swift */; };
		48EB96D02A377B95003BA4BA /* PercentageButtonTests.swift in Sources */ = {isa = PBXBuildFile; fileRef = 48EB96C42A377B95003BA4BA /* PercentageButtonTests.swift */; };
		48EB96D12A377B95003BA4BA /* NegateButtonTests.swift in Sources */ = {isa = PBXBuildFile; fileRef = 48EB96C52A377B95003BA4BA /* NegateButtonTests.swift */; };
		48EB96D22A377B95003BA4BA /* ClearButtonTests.swift in Sources */ = {isa = PBXBuildFile; fileRef = 48EB96C62A377B95003BA4BA /* ClearButtonTests.swift */; };
		48EB970A2A378706003BA4BA /* ViewModel.swift in Sources */ = {isa = PBXBuildFile; fileRef = 48EB97092A378706003BA4BA /* ViewModel.swift */; };
/* End PBXBuildFile section */

/* Begin PBXContainerItemProxy section */
		48EB969B2A377988003BA4BA /* PBXContainerItemProxy */ = {
			isa = PBXContainerItemProxy;
			containerPortal = 48EB96822A377987003BA4BA /* Project object */;
			proxyType = 1;
			remoteGlobalIDString = 48EB96892A377987003BA4BA;
			remoteInfo = 123Calc;
		};
/* End PBXContainerItemProxy section */

/* Begin PBXFileReference section */
		482E48382ADEFA0100A3F7D2 /* Array+SafeAccess.swift */ = {isa = PBXFileReference; fileEncoding = 4; lastKnownFileType = sourcecode.swift; path = "Array+SafeAccess.swift"; sourceTree = "<group>"; };
		482E48392ADEFA0100A3F7D2 /* String+Numbers.swift */ = {isa = PBXFileReference; fileEncoding = 4; lastKnownFileType = sourcecode.swift; path = "String+Numbers.swift"; sourceTree = "<group>"; };
		482E483A2ADEFA0100A3F7D2 /* String+Prefix.swift */ = {isa = PBXFileReference; fileEncoding = 4; lastKnownFileType = sourcecode.swift; path = "String+Prefix.swift"; sourceTree = "<group>"; };
		482E483C2ADEFA0100A3F7D2 /* CalculatorAPI.swift */ = {isa = PBXFileReference; fileEncoding = 4; lastKnownFileType = sourcecode.swift; path = CalculatorAPI.swift; sourceTree = "<group>"; };
		482E483E2ADEFA0100A3F7D2 /* Calculator.swift */ = {isa = PBXFileReference; fileEncoding = 4; lastKnownFileType = sourcecode.swift; path = Calculator.swift; sourceTree = "<group>"; };
		482E483F2ADEFA0100A3F7D2 /* Equation.swift */ = {isa = PBXFileReference; fileEncoding = 4; lastKnownFileType = sourcecode.swift; path = Equation.swift; sourceTree = "<group>"; };
		482E48402ADEFA0100A3F7D2 /* EquationBuilder.swift */ = {isa = PBXFileReference; fileEncoding = 4; lastKnownFileType = sourcecode.swift; path = EquationBuilder.swift; sourceTree = "<group>"; };
		482E48422ADEFA0100A3F7D2 /* CalculatorTheme.swift */ = {isa = PBXFileReference; fileEncoding = 4; lastKnownFileType = sourcecode.swift; path = CalculatorTheme.swift; sourceTree = "<group>"; };
		482E48432ADEFA0100A3F7D2 /* ThemeLoader.swift */ = {isa = PBXFileReference; fileEncoding = 4; lastKnownFileType = sourcecode.swift; path = ThemeLoader.swift; sourceTree = "<group>"; };
		482E48442ADEFA0100A3F7D2 /* ThemeManager.swift */ = {isa = PBXFileReference; fileEncoding = 4; lastKnownFileType = sourcecode.swift; path = ThemeManager.swift; sourceTree = "<group>"; };
		482E48462ADEFA0100A3F7D2 /* PurpleTheme.swift */ = {isa = PBXFileReference; fileEncoding = 4; lastKnownFileType = sourcecode.swift; path = PurpleTheme.swift; sourceTree = "<group>"; };
		482E48472ADEFA0100A3F7D2 /* WashedOutTheme.swift */ = {isa = PBXFileReference; fileEncoding = 4; lastKnownFileType = sourcecode.swift; path = WashedOutTheme.swift; sourceTree = "<group>"; };
		482E48482ADEFA0100A3F7D2 /* AppBrandTheme.swift */ = {isa = PBXFileReference; fileEncoding = 4; lastKnownFileType = sourcecode.swift; path = AppBrandTheme.swift; sourceTree = "<group>"; };
		482E48492ADEFA0100A3F7D2 /* bloodOrangeTheme.swift */ = {isa = PBXFileReference; fileEncoding = 4; lastKnownFileType = sourcecode.swift; path = bloodOrangeTheme.swift; sourceTree = "<group>"; };
		482E484A2ADEFA0100A3F7D2 /* DarkBlueTheme.swift */ = {isa = PBXFileReference; fileEncoding = 4; lastKnownFileType = sourcecode.swift; path = DarkBlueTheme.swift; sourceTree = "<group>"; };
		482E484B2ADEFA0100A3F7D2 /* ElectroTheme.swift */ = {isa = PBXFileReference; fileEncoding = 4; lastKnownFileType = sourcecode.swift; path = ElectroTheme.swift; sourceTree = "<group>"; };
		482E484C2ADEFA0100A3F7D2 /* PinkTheme.swift */ = {isa = PBXFileReference; fileEncoding = 4; lastKnownFileType = sourcecode.swift; path = PinkTheme.swift; sourceTree = "<group>"; };
		482E484D2ADEFA0100A3F7D2 /* LightBlueTheme.swift */ = {isa = PBXFileReference; fileEncoding = 4; lastKnownFileType = sourcecode.swift; path = LightBlueTheme.swift; sourceTree = "<group>"; };
		482E484E2ADEFA0100A3F7D2 /* OrangeTheme.swift */ = {isa = PBXFileReference; fileEncoding = 4; lastKnownFileType = sourcecode.swift; path = OrangeTheme.swift; sourceTree = "<group>"; };
		482E48502ADEFA0100A3F7D2 /* DataStoreManager.swift */ = {isa = PBXFileReference; fileEncoding = 4; lastKnownFileType = sourcecode.swift; path = DataStoreManager.swift; sourceTree = "<group>"; };
		482E48662ADEFA8F00A3F7D2 /* Constants.swift */ = {isa = PBXFileReference; fileEncoding = 4; lastKnownFileType = sourcecode.swift; path = Constants.swift; sourceTree = "<group>"; };
		48EB968A2A377987003BA4BA /* 123 Calc.app */ = {isa = PBXFileReference; explicitFileType = wrapper.application; includeInIndex = 0; path = "123 Calc.app"; sourceTree = BUILT_PRODUCTS_DIR; };
		48EB968D2A377987003BA4BA /* Calc123.swift */ = {isa = PBXFileReference; lastKnownFileType = sourcecode.swift; path = Calc123.swift; sourceTree = "<group>"; };
		48EB968F2A377987003BA4BA /* ContentView.swift */ = {isa = PBXFileReference; lastKnownFileType = sourcecode.swift; path = ContentView.swift; sourceTree = "<group>"; };
		48EB96912A377988003BA4BA /* Assets.xcassets */ = {isa = PBXFileReference; lastKnownFileType = folder.assetcatalog; path = Assets.xcassets; sourceTree = "<group>"; };
		48EB96942A377988003BA4BA /* Preview Assets.xcassets */ = {isa = PBXFileReference; lastKnownFileType = folder.assetcatalog; path = "Preview Assets.xcassets"; sourceTree = "<group>"; };
		48EB969A2A377988003BA4BA /* 123CalcTests.xctest */ = {isa = PBXFileReference; explicitFileType = wrapper.cfbundle; includeInIndex = 0; path = 123CalcTests.xctest; sourceTree = BUILT_PRODUCTS_DIR; };
		48EB96B82A377B95003BA4BA /* DivideTests.swift */ = {isa = PBXFileReference; fileEncoding = 4; lastKnownFileType = sourcecode.swift; path = DivideTests.swift; sourceTree = "<group>"; };
		48EB96B92A377B95003BA4BA /* SubtractionTests.swift */ = {isa = PBXFileReference; fileEncoding = 4; lastKnownFileType = sourcecode.swift; path = SubtractionTests.swift; sourceTree = "<group>"; };
		48EB96BA2A377B95003BA4BA /* EqualsButtonTests.swift */ = {isa = PBXFileReference; fileEncoding = 4; lastKnownFileType = sourcecode.swift; path = EqualsButtonTests.swift; sourceTree = "<group>"; };
		48EB96BB2A377B95003BA4BA /* AdditionTests.swift */ = {isa = PBXFileReference; fileEncoding = 4; lastKnownFileType = sourcecode.swift; path = AdditionTests.swift; sourceTree = "<group>"; };
		48EB96BC2A377B95003BA4BA /* MultiplyTests.swift */ = {isa = PBXFileReference; fileEncoding = 4; lastKnownFileType = sourcecode.swift; path = MultiplyTests.swift; sourceTree = "<group>"; };
		48EB96BE2A377B95003BA4BA /* DisplayTests.swift */ = {isa = PBXFileReference; fileEncoding = 4; lastKnownFileType = sourcecode.swift; path = DisplayTests.swift; sourceTree = "<group>"; };
		48EB96C02A377B95003BA4BA /* ZeroTests.swift */ = {isa = PBXFileReference; fileEncoding = 4; lastKnownFileType = sourcecode.swift; path = ZeroTests.swift; sourceTree = "<group>"; };
		48EB96C12A377B95003BA4BA /* PinPadTests.swift */ = {isa = PBXFileReference; fileEncoding = 4; lastKnownFileType = sourcecode.swift; path = PinPadTests.swift; sourceTree = "<group>"; };
		48EB96C22A377B95003BA4BA /* DecimalTests.swift */ = {isa = PBXFileReference; fileEncoding = 4; lastKnownFileType = sourcecode.swift; path = DecimalTests.swift; sourceTree = "<group>"; };
		48EB96C42A377B95003BA4BA /* PercentageButtonTests.swift */ = {isa = PBXFileReference; fileEncoding = 4; lastKnownFileType = sourcecode.swift; path = PercentageButtonTests.swift; sourceTree = "<group>"; };
		48EB96C52A377B95003BA4BA /* NegateButtonTests.swift */ = {isa = PBXFileReference; fileEncoding = 4; lastKnownFileType = sourcecode.swift; path = NegateButtonTests.swift; sourceTree = "<group>"; };
		48EB96C62A377B95003BA4BA /* ClearButtonTests.swift */ = {isa = PBXFileReference; fileEncoding = 4; lastKnownFileType = sourcecode.swift; path = ClearButtonTests.swift; sourceTree = "<group>"; };
		48EB97092A378706003BA4BA /* ViewModel.swift */ = {isa = PBXFileReference; lastKnownFileType = sourcecode.swift; path = ViewModel.swift; sourceTree = "<group>"; };
/* End PBXFileReference section */

/* Begin PBXFrameworksBuildPhase section */
		48EB96872A377987003BA4BA /* Frameworks */ = {
			isa = PBXFrameworksBuildPhase;
			buildActionMask = 2147483647;
			files = (
			);
			runOnlyForDeploymentPostprocessing = 0;
		};
		48EB96972A377988003BA4BA /* Frameworks */ = {
			isa = PBXFrameworksBuildPhase;
			buildActionMask = 2147483647;
			files = (
			);
			runOnlyForDeploymentPostprocessing = 0;
		};
/* End PBXFrameworksBuildPhase section */

/* Begin PBXGroup section */
		482E48372ADEFA0100A3F7D2 /* Swift Extensions */ = {
			isa = PBXGroup;
			children = (
				482E48382ADEFA0100A3F7D2 /* Array+SafeAccess.swift */,
				482E48392ADEFA0100A3F7D2 /* String+Numbers.swift */,
				482E483A2ADEFA0100A3F7D2 /* String+Prefix.swift */,
			);
			path = "Swift Extensions";
			sourceTree = "<group>";
		};
		482E483B2ADEFA0100A3F7D2 /* Busness Logic */ = {
			isa = PBXGroup;
			children = (
				482E483C2ADEFA0100A3F7D2 /* CalculatorAPI.swift */,
				482E483D2ADEFA0100A3F7D2 /* Calc Components */,
				482E48412ADEFA0100A3F7D2 /* Calc Color Themes */,
				482E484F2ADEFA0100A3F7D2 /* Data Store */,
			);
			path = "Busness Logic";
			sourceTree = "<group>";
		};
		482E483D2ADEFA0100A3F7D2 /* Calc Components */ = {
			isa = PBXGroup;
			children = (
				482E483E2ADEFA0100A3F7D2 /* Calculator.swift */,
				482E483F2ADEFA0100A3F7D2 /* Equation.swift */,
				482E48402ADEFA0100A3F7D2 /* EquationBuilder.swift */,
			);
			path = "Calc Components";
			sourceTree = "<group>";
		};
		482E48412ADEFA0100A3F7D2 /* Calc Color Themes */ = {
			isa = PBXGroup;
			children = (
				482E48422ADEFA0100A3F7D2 /* CalculatorTheme.swift */,
				482E48432ADEFA0100A3F7D2 /* ThemeLoader.swift */,
				482E48442ADEFA0100A3F7D2 /* ThemeManager.swift */,
				482E48452ADEFA0100A3F7D2 /* Themes */,
			);
			path = "Calc Color Themes";
			sourceTree = "<group>";
		};
		482E48452ADEFA0100A3F7D2 /* Themes */ = {
			isa = PBXGroup;
			children = (
				482E48462ADEFA0100A3F7D2 /* PurpleTheme.swift */,
				482E48472ADEFA0100A3F7D2 /* WashedOutTheme.swift */,
				482E48482ADEFA0100A3F7D2 /* AppBrandTheme.swift */,
				482E48492ADEFA0100A3F7D2 /* bloodOrangeTheme.swift */,
				482E484A2ADEFA0100A3F7D2 /* DarkBlueTheme.swift */,
				482E484B2ADEFA0100A3F7D2 /* ElectroTheme.swift */,
				482E484C2ADEFA0100A3F7D2 /* PinkTheme.swift */,
				482E484D2ADEFA0100A3F7D2 /* LightBlueTheme.swift */,
				482E484E2ADEFA0100A3F7D2 /* OrangeTheme.swift */,
			);
			path = Themes;
			sourceTree = "<group>";
		};
		482E484F2ADEFA0100A3F7D2 /* Data Store */ = {
			isa = PBXGroup;
			children = (
				482E48502ADEFA0100A3F7D2 /* DataStoreManager.swift */,
			);
			path = "Data Store";
			sourceTree = "<group>";
		};
		482E48652ADEFA2A00A3F7D2 /* User Interface */ = {
			isa = PBXGroup;
			children = (
				48EB968D2A377987003BA4BA /* Calc123.swift */,
				48EB97092A378706003BA4BA /* ViewModel.swift */,
				48EB968F2A377987003BA4BA /* ContentView.swift */,
				48EB96912A377988003BA4BA /* Assets.xcassets */,
				48EB96932A377988003BA4BA /* Preview Content */,
			);
			path = "User Interface";
			sourceTree = "<group>";
		};
		48EB96812A377987003BA4BA = {
			isa = PBXGroup;
			children = (
				48EB968C2A377987003BA4BA /* 123Calc */,
				48EB969D2A377988003BA4BA /* 123CalcTests */,
				48EB968B2A377987003BA4BA /* Products */,
			);
			sourceTree = "<group>";
		};
		48EB968B2A377987003BA4BA /* Products */ = {
			isa = PBXGroup;
			children = (
				48EB968A2A377987003BA4BA /* 123 Calc.app */,
				48EB969A2A377988003BA4BA /* 123CalcTests.xctest */,
			);
			name = Products;
			sourceTree = "<group>";
		};
		48EB968C2A377987003BA4BA /* 123Calc */ = {
			isa = PBXGroup;
			children = (
				482E48662ADEFA8F00A3F7D2 /* Constants.swift */,
				482E48652ADEFA2A00A3F7D2 /* User Interface */,
				482E483B2ADEFA0100A3F7D2 /* Busness Logic */,
				482E48372ADEFA0100A3F7D2 /* Swift Extensions */,
			);
			path = 123Calc;
			sourceTree = "<group>";
		};
		48EB96932A377988003BA4BA /* Preview Content */ = {
			isa = PBXGroup;
			children = (
				48EB96942A377988003BA4BA /* Preview Assets.xcassets */,
			);
			path = "Preview Content";
			sourceTree = "<group>";
		};
		48EB969D2A377988003BA4BA /* 123CalcTests */ = {
			isa = PBXGroup;
			children = (
				48EB96BD2A377B95003BA4BA /* LCD Display */,
				48EB96B72A377B95003BA4BA /* Operator Tests */,
				48EB96C32A377B95003BA4BA /* Extra Features Tests */,
				48EB96BF2A377B95003BA4BA /* Pin Pad Tests */,
			);
			path = 123CalcTests;
			sourceTree = "<group>";
		};
		48EB96B72A377B95003BA4BA /* Operator Tests */ = {
			isa = PBXGroup;
			children = (
				48EB96B82A377B95003BA4BA /* DivideTests.swift */,
				48EB96B92A377B95003BA4BA /* SubtractionTests.swift */,
				48EB96BA2A377B95003BA4BA /* EqualsButtonTests.swift */,
				48EB96BB2A377B95003BA4BA /* AdditionTests.swift */,
				48EB96BC2A377B95003BA4BA /* MultiplyTests.swift */,
			);
			path = "Operator Tests";
			sourceTree = "<group>";
		};
		48EB96BD2A377B95003BA4BA /* LCD Display */ = {
			isa = PBXGroup;
			children = (
				48EB96BE2A377B95003BA4BA /* DisplayTests.swift */,
			);
			path = "LCD Display";
			sourceTree = "<group>";
		};
		48EB96BF2A377B95003BA4BA /* Pin Pad Tests */ = {
			isa = PBXGroup;
			children = (
				48EB96C02A377B95003BA4BA /* ZeroTests.swift */,
				48EB96C12A377B95003BA4BA /* PinPadTests.swift */,
				48EB96C22A377B95003BA4BA /* DecimalTests.swift */,
			);
			path = "Pin Pad Tests";
			sourceTree = "<group>";
		};
		48EB96C32A377B95003BA4BA /* Extra Features Tests */ = {
			isa = PBXGroup;
			children = (
				48EB96C42A377B95003BA4BA /* PercentageButtonTests.swift */,
				48EB96C52A377B95003BA4BA /* NegateButtonTests.swift */,
				48EB96C62A377B95003BA4BA /* ClearButtonTests.swift */,
			);
			path = "Extra Features Tests";
			sourceTree = "<group>";
		};
/* End PBXGroup section */

/* Begin PBXNativeTarget section */
		48EB96892A377987003BA4BA /* 123Calc */ = {
			isa = PBXNativeTarget;
			buildConfigurationList = 48EB96AE2A377988003BA4BA /* Build configuration list for PBXNativeTarget "123Calc" */;
			buildPhases = (
				48EB96862A377987003BA4BA /* Sources */,
				48EB96872A377987003BA4BA /* Frameworks */,
				48EB96882A377987003BA4BA /* Resources */,
			);
			buildRules = (
			);
			dependencies = (
			);
			name = 123Calc;
			productName = 123Calc;
			productReference = 48EB968A2A377987003BA4BA /* 123 Calc.app */;
			productType = "com.apple.product-type.application";
		};
		48EB96992A377988003BA4BA /* 123CalcTests */ = {
			isa = PBXNativeTarget;
			buildConfigurationList = 48EB96B12A377988003BA4BA /* Build configuration list for PBXNativeTarget "123CalcTests" */;
			buildPhases = (
				48EB96962A377988003BA4BA /* Sources */,
				48EB96972A377988003BA4BA /* Frameworks */,
				48EB96982A377988003BA4BA /* Resources */,
			);
			buildRules = (
			);
			dependencies = (
				48EB969C2A377988003BA4BA /* PBXTargetDependency */,
			);
			name = 123CalcTests;
			productName = 123CalcTests;
			productReference = 48EB969A2A377988003BA4BA /* 123CalcTests.xctest */;
			productType = "com.apple.product-type.bundle.unit-test";
		};
/* End PBXNativeTarget section */

/* Begin PBXProject section */
		48EB96822A377987003BA4BA /* Project object */ = {
			isa = PBXProject;
			attributes = {
				BuildIndependentTargetsInParallel = 1;
				LastSwiftUpdateCheck = 1420;
				LastUpgradeCheck = 1420;
				TargetAttributes = {
					48EB96892A377987003BA4BA = {
						CreatedOnToolsVersion = 14.2;
					};
					48EB96992A377988003BA4BA = {
						CreatedOnToolsVersion = 14.2;
						TestTargetID = 48EB96892A377987003BA4BA;
					};
				};
			};
			buildConfigurationList = 48EB96852A377987003BA4BA /* Build configuration list for PBXProject "123Calc" */;
			compatibilityVersion = "Xcode 14.0";
			developmentRegion = en;
			hasScannedForEncodings = 0;
			knownRegions = (
				en,
				Base,
			);
			mainGroup = 48EB96812A377987003BA4BA;
			productRefGroup = 48EB968B2A377987003BA4BA /* Products */;
			projectDirPath = "";
			projectRoot = "";
			targets = (
				48EB96892A377987003BA4BA /* 123Calc */,
				48EB96992A377988003BA4BA /* 123CalcTests */,
			);
		};
/* End PBXProject section */

/* Begin PBXResourcesBuildPhase section */
		48EB96882A377987003BA4BA /* Resources */ = {
			isa = PBXResourcesBuildPhase;
			buildActionMask = 2147483647;
			files = (
				48EB96952A377988003BA4BA /* Preview Assets.xcassets in Resources */,
				48EB96922A377988003BA4BA /* Assets.xcassets in Resources */,
			);
			runOnlyForDeploymentPostprocessing = 0;
		};
		48EB96982A377988003BA4BA /* Resources */ = {
			isa = PBXResourcesBuildPhase;
			buildActionMask = 2147483647;
			files = (
			);
			runOnlyForDeploymentPostprocessing = 0;
		};
/* End PBXResourcesBuildPhase section */

/* Begin PBXSourcesBuildPhase section */
		48EB96862A377987003BA4BA /* Sources */ = {
			isa = PBXSourcesBuildPhase;
			buildActionMask = 2147483647;
			files = (
				482E48632ADEFA0100A3F7D2 /* OrangeTheme.swift in Sources */,
				482E485F2ADEFA0100A3F7D2 /* DarkBlueTheme.swift in Sources */,
				482E48562ADEFA0100A3F7D2 /* Equation.swift in Sources */,
				482E48592ADEFA0100A3F7D2 /* ThemeLoader.swift in Sources */,
				482E48532ADEFA0100A3F7D2 /* String+Prefix.swift in Sources */,
				482E48522ADEFA0100A3F7D2 /* String+Numbers.swift in Sources */,
				482E485C2ADEFA0100A3F7D2 /* WashedOutTheme.swift in Sources */,
				482E48582ADEFA0100A3F7D2 /* CalculatorTheme.swift in Sources */,
				48EB96902A377987003BA4BA /* ContentView.swift in Sources */,
				48EB968E2A377987003BA4BA /* Calc123.swift in Sources */,
				482E48602ADEFA0100A3F7D2 /* ElectroTheme.swift in Sources */,
				482E48622ADEFA0100A3F7D2 /* LightBlueTheme.swift in Sources */,
				482E485B2ADEFA0100A3F7D2 /* PurpleTheme.swift in Sources */,
				482E48612ADEFA0100A3F7D2 /* PinkTheme.swift in Sources */,
				482E48512ADEFA0100A3F7D2 /* Array+SafeAccess.swift in Sources */,
				482E485E2ADEFA0100A3F7D2 /* bloodOrangeTheme.swift in Sources */,
				482E48552ADEFA0100A3F7D2 /* Calculator.swift in Sources */,
				482E48642ADEFA0100A3F7D2 /* DataStoreManager.swift in Sources */,
				482E485D2ADEFA0100A3F7D2 /* AppBrandTheme.swift in Sources */,
				482E485A2ADEFA0100A3F7D2 /* ThemeManager.swift in Sources */,
				482E48542ADEFA0100A3F7D2 /* CalculatorAPI.swift in Sources */,
				482E48572ADEFA0100A3F7D2 /* EquationBuilder.swift in Sources */,
				48EB970A2A378706003BA4BA /* ViewModel.swift in Sources */,
				482E48672ADEFA8F00A3F7D2 /* Constants.swift in Sources */,
			);
			runOnlyForDeploymentPostprocessing = 0;
		};
		48EB96962A377988003BA4BA /* Sources */ = {
			isa = PBXSourcesBuildPhase;
			buildActionMask = 2147483647;
			files = (
				48EB96C92A377B95003BA4BA /* EqualsButtonTests.swift in Sources */,
				48EB96CA2A377B95003BA4BA /* AdditionTests.swift in Sources */,
				48EB96CB2A377B95003BA4BA /* MultiplyTests.swift in Sources */,
				48EB96D22A377B95003BA4BA /* ClearButtonTests.swift in Sources */,
				48EB96CE2A377B95003BA4BA /* PinPadTests.swift in Sources */,
				48EB96CD2A377B95003BA4BA /* ZeroTests.swift in Sources */,
				48EB96C82A377B95003BA4BA /* SubtractionTests.swift in Sources */,
				48EB96CC2A377B95003BA4BA /* DisplayTests.swift in Sources */,
				48EB96C72A377B95003BA4BA /* DivideTests.swift in Sources */,
				48EB96CF2A377B95003BA4BA /* DecimalTests.swift in Sources */,
				48EB96D12A377B95003BA4BA /* NegateButtonTests.swift in Sources */,
				48EB96D02A377B95003BA4BA /* PercentageButtonTests.swift in Sources */,
			);
			runOnlyForDeploymentPostprocessing = 0;
		};
/* End PBXSourcesBuildPhase section */

/* Begin PBXTargetDependency section */
		48EB969C2A377988003BA4BA /* PBXTargetDependency */ = {
			isa = PBXTargetDependency;
			target = 48EB96892A377987003BA4BA /* 123Calc */;
			targetProxy = 48EB969B2A377988003BA4BA /* PBXContainerItemProxy */;
		};
/* End PBXTargetDependency section */

/* Begin XCBuildConfiguration section */
		48EB96AC2A377988003BA4BA /* Debug */ = {
			isa = XCBuildConfiguration;
			buildSettings = {
				ALWAYS_SEARCH_USER_PATHS = NO;
				CLANG_ANALYZER_NONNULL = YES;
				CLANG_ANALYZER_NUMBER_OBJECT_CONVERSION = YES_AGGRESSIVE;
				CLANG_CXX_LANGUAGE_STANDARD = "gnu++20";
				CLANG_ENABLE_MODULES = YES;
				CLANG_ENABLE_OBJC_ARC = YES;
				CLANG_ENABLE_OBJC_WEAK = YES;
				CLANG_WARN_BLOCK_CAPTURE_AUTORELEASING = YES;
				CLANG_WARN_BOOL_CONVERSION = YES;
				CLANG_WARN_COMMA = YES;
				CLANG_WARN_CONSTANT_CONVERSION = YES;
				CLANG_WARN_DEPRECATED_OBJC_IMPLEMENTATIONS = YES;
				CLANG_WARN_DIRECT_OBJC_ISA_USAGE = YES_ERROR;
				CLANG_WARN_DOCUMENTATION_COMMENTS = YES;
				CLANG_WARN_EMPTY_BODY = YES;
				CLANG_WARN_ENUM_CONVERSION = YES;
				CLANG_WARN_INFINITE_RECURSION = YES;
				CLANG_WARN_INT_CONVERSION = YES;
				CLANG_WARN_NON_LITERAL_NULL_CONVERSION = YES;
				CLANG_WARN_OBJC_IMPLICIT_RETAIN_SELF = YES;
				CLANG_WARN_OBJC_LITERAL_CONVERSION = YES;
				CLANG_WARN_OBJC_ROOT_CLASS = YES_ERROR;
				CLANG_WARN_QUOTED_INCLUDE_IN_FRAMEWORK_HEADER = YES;
				CLANG_WARN_RANGE_LOOP_ANALYSIS = YES;
				CLANG_WARN_STRICT_PROTOTYPES = YES;
				CLANG_WARN_SUSPICIOUS_MOVE = YES;
				CLANG_WARN_UNGUARDED_AVAILABILITY = YES_AGGRESSIVE;
				CLANG_WARN_UNREACHABLE_CODE = YES;
				CLANG_WARN__DUPLICATE_METHOD_MATCH = YES;
				COPY_PHASE_STRIP = NO;
				DEBUG_INFORMATION_FORMAT = dwarf;
				ENABLE_STRICT_OBJC_MSGSEND = YES;
				ENABLE_TESTABILITY = YES;
				GCC_C_LANGUAGE_STANDARD = gnu11;
				GCC_DYNAMIC_NO_PIC = NO;
				GCC_NO_COMMON_BLOCKS = YES;
				GCC_OPTIMIZATION_LEVEL = 0;
				GCC_PREPROCESSOR_DEFINITIONS = (
					"DEBUG=1",
					"$(inherited)",
				);
				GCC_WARN_64_TO_32_BIT_CONVERSION = YES;
				GCC_WARN_ABOUT_RETURN_TYPE = YES_ERROR;
				GCC_WARN_UNDECLARED_SELECTOR = YES;
				GCC_WARN_UNINITIALIZED_AUTOS = YES_AGGRESSIVE;
				GCC_WARN_UNUSED_FUNCTION = YES;
				GCC_WARN_UNUSED_VARIABLE = YES;
				IPHONEOS_DEPLOYMENT_TARGET = 16.2;
				MTL_ENABLE_DEBUG_INFO = INCLUDE_SOURCE;
				MTL_FAST_MATH = YES;
				ONLY_ACTIVE_ARCH = YES;
				PRODUCT_NAME = "";
				SDKROOT = iphoneos;
				SWIFT_ACTIVE_COMPILATION_CONDITIONS = DEBUG;
				SWIFT_OPTIMIZATION_LEVEL = "-Onone";
			};
			name = Debug;
		};
		48EB96AD2A377988003BA4BA /* Release */ = {
			isa = XCBuildConfiguration;
			buildSettings = {
				ALWAYS_SEARCH_USER_PATHS = NO;
				CLANG_ANALYZER_NONNULL = YES;
				CLANG_ANALYZER_NUMBER_OBJECT_CONVERSION = YES_AGGRESSIVE;
				CLANG_CXX_LANGUAGE_STANDARD = "gnu++20";
				CLANG_ENABLE_MODULES = YES;
				CLANG_ENABLE_OBJC_ARC = YES;
				CLANG_ENABLE_OBJC_WEAK = YES;
				CLANG_WARN_BLOCK_CAPTURE_AUTORELEASING = YES;
				CLANG_WARN_BOOL_CONVERSION = YES;
				CLANG_WARN_COMMA = YES;
				CLANG_WARN_CONSTANT_CONVERSION = YES;
				CLANG_WARN_DEPRECATED_OBJC_IMPLEMENTATIONS = YES;
				CLANG_WARN_DIRECT_OBJC_ISA_USAGE = YES_ERROR;
				CLANG_WARN_DOCUMENTATION_COMMENTS = YES;
				CLANG_WARN_EMPTY_BODY = YES;
				CLANG_WARN_ENUM_CONVERSION = YES;
				CLANG_WARN_INFINITE_RECURSION = YES;
				CLANG_WARN_INT_CONVERSION = YES;
				CLANG_WARN_NON_LITERAL_NULL_CONVERSION = YES;
				CLANG_WARN_OBJC_IMPLICIT_RETAIN_SELF = YES;
				CLANG_WARN_OBJC_LITERAL_CONVERSION = YES;
				CLANG_WARN_OBJC_ROOT_CLASS = YES_ERROR;
				CLANG_WARN_QUOTED_INCLUDE_IN_FRAMEWORK_HEADER = YES;
				CLANG_WARN_RANGE_LOOP_ANALYSIS = YES;
				CLANG_WARN_STRICT_PROTOTYPES = YES;
				CLANG_WARN_SUSPICIOUS_MOVE = YES;
				CLANG_WARN_UNGUARDED_AVAILABILITY = YES_AGGRESSIVE;
				CLANG_WARN_UNREACHABLE_CODE = YES;
				CLANG_WARN__DUPLICATE_METHOD_MATCH = YES;
				COPY_PHASE_STRIP = NO;
				DEBUG_INFORMATION_FORMAT = "dwarf-with-dsym";
				ENABLE_NS_ASSERTIONS = NO;
				ENABLE_STRICT_OBJC_MSGSEND = YES;
				GCC_C_LANGUAGE_STANDARD = gnu11;
				GCC_NO_COMMON_BLOCKS = YES;
				GCC_WARN_64_TO_32_BIT_CONVERSION = YES;
				GCC_WARN_ABOUT_RETURN_TYPE = YES_ERROR;
				GCC_WARN_UNDECLARED_SELECTOR = YES;
				GCC_WARN_UNINITIALIZED_AUTOS = YES_AGGRESSIVE;
				GCC_WARN_UNUSED_FUNCTION = YES;
				GCC_WARN_UNUSED_VARIABLE = YES;
				IPHONEOS_DEPLOYMENT_TARGET = 16.2;
				MTL_ENABLE_DEBUG_INFO = NO;
				MTL_FAST_MATH = YES;
				PRODUCT_NAME = "";
				SDKROOT = iphoneos;
				SWIFT_COMPILATION_MODE = wholemodule;
				SWIFT_OPTIMIZATION_LEVEL = "-O";
				VALIDATE_PRODUCT = YES;
			};
			name = Release;
		};
		48EB96AF2A377988003BA4BA /* Debug */ = {
			isa = XCBuildConfiguration;
			buildSettings = {
				ASSETCATALOG_COMPILER_APPICON_NAME = AppIcon;
				ASSETCATALOG_COMPILER_GLOBAL_ACCENT_COLOR_NAME = AccentColor;
				CODE_SIGN_STYLE = Automatic;
				CURRENT_PROJECT_VERSION = 1;
				DEVELOPMENT_ASSET_PATHS = "\"123Calc/User Interface/Preview Content\"";
				ENABLE_PREVIEWS = YES;
				GENERATE_INFOPLIST_FILE = YES;
				INFOPLIST_KEY_UIApplicationSceneManifest_Generation = YES;
				INFOPLIST_KEY_UIApplicationSupportsIndirectInputEvents = YES;
				INFOPLIST_KEY_UILaunchScreen_Generation = YES;
				INFOPLIST_KEY_UISupportedInterfaceOrientations_iPad = "UIInterfaceOrientationPortrait UIInterfaceOrientationPortraitUpsideDown UIInterfaceOrientationLandscapeLeft UIInterfaceOrientationLandscapeRight";
				INFOPLIST_KEY_UISupportedInterfaceOrientations_iPhone = "UIInterfaceOrientationPortrait UIInterfaceOrientationLandscapeLeft UIInterfaceOrientationLandscapeRight";
				LD_RUNPATH_SEARCH_PATHS = (
					"$(inherited)",
					"@executable_path/Frameworks",
				);
				MARKETING_VERSION = 1.0;
				PRODUCT_BUNDLE_IDENTIFIER = com.iosbfree.calculator;
				PRODUCT_MODULE_NAME = Calc123;
				PRODUCT_NAME = "123 Calc";
				SWIFT_EMIT_LOC_STRINGS = YES;
				SWIFT_VERSION = 5.0;
				TARGETED_DEVICE_FAMILY = 1;
			};
			name = Debug;
		};
		48EB96B02A377988003BA4BA /* Release */ = {
			isa = XCBuildConfiguration;
			buildSettings = {
				ASSETCATALOG_COMPILER_APPICON_NAME = AppIcon;
				ASSETCATALOG_COMPILER_GLOBAL_ACCENT_COLOR_NAME = AccentColor;
				CODE_SIGN_STYLE = Automatic;
				CURRENT_PROJECT_VERSION = 1;
				DEVELOPMENT_ASSET_PATHS = "\"123Calc/User Interface/Preview Content\"";
				ENABLE_PREVIEWS = YES;
				GENERATE_INFOPLIST_FILE = YES;
				INFOPLIST_KEY_UIApplicationSceneManifest_Generation = YES;
				INFOPLIST_KEY_UIApplicationSupportsIndirectInputEvents = YES;
				INFOPLIST_KEY_UILaunchScreen_Generation = YES;
				INFOPLIST_KEY_UISupportedInterfaceOrientations_iPad = "UIInterfaceOrientationPortrait UIInterfaceOrientationPortraitUpsideDown UIInterfaceOrientationLandscapeLeft UIInterfaceOrientationLandscapeRight";
				INFOPLIST_KEY_UISupportedInterfaceOrientations_iPhone = "UIInterfaceOrientationPortrait UIInterfaceOrientationLandscapeLeft UIInterfaceOrientationLandscapeRight";
				LD_RUNPATH_SEARCH_PATHS = (
					"$(inherited)",
					"@executable_path/Frameworks",
				);
				MARKETING_VERSION = 1.0;
				PRODUCT_BUNDLE_IDENTIFIER = com.iosbfree.calculator;
				PRODUCT_MODULE_NAME = Calc123;
				PRODUCT_NAME = "123 Calc";
				SWIFT_EMIT_LOC_STRINGS = YES;
				SWIFT_VERSION = 5.0;
				TARGETED_DEVICE_FAMILY = 1;
			};
			name = Release;
		};
		48EB96B22A377988003BA4BA /* Debug */ = {
			isa = XCBuildConfiguration;
			buildSettings = {
				ALWAYS_EMBED_SWIFT_STANDARD_LIBRARIES = YES;
				BUNDLE_LOADER = "$(TEST_HOST)";
				CODE_SIGN_STYLE = Automatic;
				CURRENT_PROJECT_VERSION = 1;
				GENERATE_INFOPLIST_FILE = YES;
				IPHONEOS_DEPLOYMENT_TARGET = 16.2;
				MARKETING_VERSION = 1.0;
				PRODUCT_BUNDLE_IDENTIFIER = "swiftsimplified.-23CalcTests";
				PRODUCT_NAME = "$(TARGET_NAME)";
				SWIFT_EMIT_LOC_STRINGS = NO;
				SWIFT_VERSION = 5.0;
				TARGETED_DEVICE_FAMILY = "1,2";
				TEST_HOST = "$(BUILT_PRODUCTS_DIR)/123Calc.app/$(BUNDLE_EXECUTABLE_FOLDER_PATH)/123Calc";
			};
			name = Debug;
		};
		48EB96B32A377988003BA4BA /* Release */ = {
			isa = XCBuildConfiguration;
			buildSettings = {
				ALWAYS_EMBED_SWIFT_STANDARD_LIBRARIES = YES;
				BUNDLE_LOADER = "$(TEST_HOST)";
				CODE_SIGN_STYLE = Automatic;
				CURRENT_PROJECT_VERSION = 1;
				GENERATE_INFOPLIST_FILE = YES;
				IPHONEOS_DEPLOYMENT_TARGET = 16.2;
				MARKETING_VERSION = 1.0;
				PRODUCT_BUNDLE_IDENTIFIER = "swiftsimplified.-23CalcTests";
				PRODUCT_NAME = "$(TARGET_NAME)";
				SWIFT_EMIT_LOC_STRINGS = NO;
				SWIFT_VERSION = 5.0;
				TARGETED_DEVICE_FAMILY = "1,2";
				TEST_HOST = "$(BUILT_PRODUCTS_DIR)/123Calc.app/$(BUNDLE_EXECUTABLE_FOLDER_PATH)/123Calc";
			};
			name = Release;
		};
/* End XCBuildConfiguration section */

/* Begin XCConfigurationList section */
		48EB96852A377987003BA4BA /* Build configuration list for PBXProject "123Calc" */ = {
			isa = XCConfigurationList;
			buildConfigurations = (
				48EB96AC2A377988003BA4BA /* Debug */,
				48EB96AD2A377988003BA4BA /* Release */,
			);
			defaultConfigurationIsVisible = 0;
			defaultConfigurationName = Release;
		};
		48EB96AE2A377988003BA4BA /* Build configuration list for PBXNativeTarget "123Calc" */ = {
			isa = XCConfigurationList;
			buildConfigurations = (
				48EB96AF2A377988003BA4BA /* Debug */,
				48EB96B02A377988003BA4BA /* Release */,
			);
			defaultConfigurationIsVisible = 0;
			defaultConfigurationName = Release;
		};
		48EB96B12A377988003BA4BA /* Build configuration list for PBXNativeTarget "123CalcTests" */ = {
			isa = XCConfigurationList;
			buildConfigurations = (
				48EB96B22A377988003BA4BA /* Debug */,
				48EB96B32A377988003BA4BA /* Release */,
			);
			defaultConfigurationIsVisible = 0;
			defaultConfigurationName = Release;
		};
/* End XCConfigurationList section */
	};
	rootObject = 48EB96822A377987003BA4BA /* Project object */;
}
